PODS:
  - Charts (3.2.0):
    - Charts/Core (= 3.2.0)
  - Charts/Core (3.2.0)
  - CorePlot (2.2)
  - SideMenu (5.0.3)
  - SimulatorRemoteNotifications (0.0.3)
  - SQLite.swift (0.11.6):
    - SQLite.swift/standard (= 0.11.6)
  - SQLite.swift/standard (0.11.6)

DEPENDENCIES:
  - Charts
  - CorePlot (from `https://github.com/core-plot/core-plot.git`, branch `release-2.3`)
  - SideMenu
  - SimulatorRemoteNotifications
  - SQLite.swift (= 0.11.6)

SPEC REPOS:
  https://github.com/cocoapods/specs.git:
    - Charts
    - SideMenu
    - SimulatorRemoteNotifications
    - SQLite.swift

EXTERNAL SOURCES:
  CorePlot:
    :branch: release-2.3
    :git: https://github.com/core-plot/core-plot.git

CHECKOUT OPTIONS:
  CorePlot:
    :commit: a47d8e1feaffb92585ccdd7c93447b5498105b59
    :git: https://github.com/core-plot/core-plot.git

SPEC CHECKSUMS:
  Charts: 680c8328bd5e90cb14f67e00d2176f3113d19141
  CorePlot: a89f21d4662cb54853e579c4ce560e74036cffcb
  SideMenu: 1dcaabce84538c53325c287f7fe62999379a641c
  SimulatorRemoteNotifications: 1610643e0582b2af67bc254b071ace4077e8ef86
  SQLite.swift: 46d890be8601964454bd3392527f863d1b802d45

PODFILE CHECKSUM: d8d23886193e91af4eeb0b8ccad1a182650ec79e

COCOAPODS: 1.6.1
